// !$*UTF8*$!
{
	archiveVersion = 1;
	classes = {
	};
	objectVersion = 77;
	objects = {

/* Begin PBXBuildFile section */
		4AEE93ED2D72BBDF00E8581F /* Lottie in Frameworks */ = {isa = PBXBuildFile; productRef = 4AEE93EC2D72BBDF00E8581F /* Lottie */; };
/* End PBXBuildFile section */

/* Begin PBXContainerItemProxy section */
		4A88C9872D70953B0024E39F /* PBXContainerItemProxy */ = {
			isa = PBXContainerItemProxy;
			containerPortal = 4A88C96E2D7095390024E39F /* Project object */;
			proxyType = 1;
			remoteGlobalIDString = 4A88C9752D7095390024E39F;
			remoteInfo = "OnboardingAI iOS";
		};
		4A88C9912D70953B0024E39F /* PBXContainerItemProxy */ = {
			isa = PBXContainerItemProxy;
			containerPortal = 4A88C96E2D7095390024E39F /* Project object */;
			proxyType = 1;
			remoteGlobalIDString = 4A88C9752D7095390024E39F;
			remoteInfo = "OnboardingAI iOS";
		};
/* End PBXContainerItemProxy section */

/* Begin PBXFileReference section */
		4A88C9762D7095390024E39F /* OnboardingAI iOS.app */ = {isa = PBXFileReference; explicitFileType = wrapper.application; includeInIndex = 0; path = "OnboardingAI iOS.app"; sourceTree = BUILT_PRODUCTS_DIR; };
		4A88C9862D70953B0024E39F /* OnboardingAI iOSTests.xctest */ = {isa = PBXFileReference; explicitFileType = wrapper.cfbundle; includeInIndex = 0; path = "OnboardingAI iOSTests.xctest"; sourceTree = BUILT_PRODUCTS_DIR; };
		4A88C9902D70953B0024E39F /* OnboardingAI iOSUITests.xctest */ = {isa = PBXFileReference; explicitFileType = wrapper.cfbundle; includeInIndex = 0; path = "OnboardingAI iOSUITests.xctest"; sourceTree = BUILT_PRODUCTS_DIR; };
/* End PBXFileReference section */

/* Begin PBXFileSystemSynchronizedRootGroup section */
		4A88C9782D7095390024E39F /* OnboardingAI iOS */ = {
			isa = PBXFileSystemSynchronizedRootGroup;
			path = "OnboardingAI iOS";
			sourceTree = "<group>";
		};
		4A88C9892D70953B0024E39F /* OnboardingAI iOSTests */ = {
			isa = PBXFileSystemSynchronizedRootGroup;
			path = "OnboardingAI iOSTests";
			sourceTree = "<group>";
		};
		4A88C9932D70953B0024E39F /* OnboardingAI iOSUITests */ = {
			isa = PBXFileSystemSynchronizedRootGroup;
			path = "OnboardingAI iOSUITests";
			sourceTree = "<group>";
		};
/* End PBXFileSystemSynchronizedRootGroup section */

/* Begin PBXFrameworksBuildPhase section */
		4A88C9732D7095390024E39F /* Frameworks */ = {
			isa = PBXFrameworksBuildPhase;
			buildActionMask = 2147483647;
			files = (
				4AEE93ED2D72BBDF00E8581F /* Lottie in Frameworks */,
			);
			runOnlyForDeploymentPostprocessing = 0;
		};
		4A88C9832D70953B0024E39F /* Frameworks */ = {
			isa = PBXFrameworksBuildPhase;
			buildActionMask = 2147483647;
			files = (
			);
			runOnlyForDeploymentPostprocessing = 0;
		};
		4A88C98D2D70953B0024E39F /* Frameworks */ = {
			isa = PBXFrameworksBuildPhase;
			buildActionMask = 2147483647;
			files = (
			);
			runOnlyForDeploymentPostprocessing = 0;
		};
/* End PBXFrameworksBuildPhase section */

/* Begin PBXGroup section */
		4A88C96D2D7095390024E39F = {
			isa = PBXGroup;
			children = (
				4A88C9782D7095390024E39F /* OnboardingAI iOS */,
				4A88C9892D70953B0024E39F /* OnboardingAI iOSTests */,
				4A88C9932D70953B0024E39F /* OnboardingAI iOSUITests */,
				4A88C9772D7095390024E39F /* Products */,
			);
			sourceTree = "<group>";
		};
		4A88C9772D7095390024E39F /* Products */ = {
			isa = PBXGroup;
			children = (
				4A88C9762D7095390024E39F /* OnboardingAI iOS.app */,
				4A88C9862D70953B0024E39F /* OnboardingAI iOSTests.xctest */,
				4A88C9902D70953B0024E39F /* OnboardingAI iOSUITests.xctest */,
			);
			name = Products;
			sourceTree = "<group>";
		};
/* End PBXGroup section */

/* Begin PBXNativeTarget section */
		4A88C9752D7095390024E39F /* OnboardingAI iOS */ = {
			isa = PBXNativeTarget;
			buildConfigurationList = 4A88C99A2D70953B0024E39F /* Build configuration list for PBXNativeTarget "OnboardingAI iOS" */;
			buildPhases = (
				4A88C9722D7095390024E39F /* Sources */,
				4A88C9732D7095390024E39F /* Frameworks */,
				4A88C9742D7095390024E39F /* Resources */,
			);
			buildRules = (
			);
			dependencies = (
			);
			fileSystemSynchronizedGroups = (
				4A88C9782D7095390024E39F /* OnboardingAI iOS */,
			);
			name = "OnboardingAI iOS";
			packageProductDependencies = (
				4AEE93EC2D72BBDF00E8581F /* Lottie */,
			);
			productName = "OnboardingAI iOS";
			productReference = 4A88C9762D7095390024E39F /* OnboardingAI iOS.app */;
			productType = "com.apple.product-type.application";
		};
		4A88C9852D70953B0024E39F /* OnboardingAI iOSTests */ = {
			isa = PBXNativeTarget;
			buildConfigurationList = 4A88C99D2D70953B0024E39F /* Build configuration list for PBXNativeTarget "OnboardingAI iOSTests" */;
			buildPhases = (
				4A88C9822D70953B0024E39F /* Sources */,
				4A88C9832D70953B0024E39F /* Frameworks */,
				4A88C9842D70953B0024E39F /* Resources */,
			);
			buildRules = (
			);
			dependencies = (
				4A88C9882D70953B0024E39F /* PBXTargetDependency */,
			);
			fileSystemSynchronizedGroups = (
				4A88C9892D70953B0024E39F /* OnboardingAI iOSTests */,
			);
			name = "OnboardingAI iOSTests";
			packageProductDependencies = (
			);
			productName = "OnboardingAI iOSTests";
			productReference = 4A88C9862D70953B0024E39F /* OnboardingAI iOSTests.xctest */;
			productType = "com.apple.product-type.bundle.unit-test";
		};
		4A88C98F2D70953B0024E39F /* OnboardingAI iOSUITests */ = {
			isa = PBXNativeTarget;
			buildConfigurationList = 4A88C9A02D70953B0024E39F /* Build configuration list for PBXNativeTarget "OnboardingAI iOSUITests" */;
			buildPhases = (
				4A88C98C2D70953B0024E39F /* Sources */,
				4A88C98D2D70953B0024E39F /* Frameworks */,
				4A88C98E2D70953B0024E39F /* Resources */,
			);
			buildRules = (
			);
			dependencies = (
				4A88C9922D70953B0024E39F /* PBXTargetDependency */,
			);
			fileSystemSynchronizedGroups = (
				4A88C9932D70953B0024E39F /* OnboardingAI iOSUITests */,
			);
			name = "OnboardingAI iOSUITests";
			packageProductDependencies = (
			);
			productName = "OnboardingAI iOSUITests";
			productReference = 4A88C9902D70953B0024E39F /* OnboardingAI iOSUITests.xctest */;
			productType = "com.apple.product-type.bundle.ui-testing";
		};
/* End PBXNativeTarget section */

/* Begin PBXProject section */
		4A88C96E2D7095390024E39F /* Project object */ = {
			isa = PBXProject;
			attributes = {
				BuildIndependentTargetsInParallel = 1;
				LastSwiftUpdateCheck = 1620;
				LastUpgradeCheck = 1620;
				TargetAttributes = {
					4A88C9752D7095390024E39F = {
						CreatedOnToolsVersion = 16.2;
					};
					4A88C9852D70953B0024E39F = {
						CreatedOnToolsVersion = 16.2;
						TestTargetID = 4A88C9752D7095390024E39F;
					};
					4A88C98F2D70953B0024E39F = {
						CreatedOnToolsVersion = 16.2;
						TestTargetID = 4A88C9752D7095390024E39F;
					};
				};
			};
			buildConfigurationList = 4A88C9712D7095390024E39F /* Build configuration list for PBXProject "OnboardingAI iOS" */;
			developmentRegion = en;
			hasScannedForEncodings = 0;
			knownRegions = (
				en,
				Base,
			);
			mainGroup = 4A88C96D2D7095390024E39F;
			minimizedProjectReferenceProxies = 1;
			packageReferences = (
				4AEE93EB2D72BBDF00E8581F /* XCRemoteSwiftPackageReference "lottie-spm" */,
			);
			preferredProjectObjectVersion = 77;
			productRefGroup = 4A88C9772D7095390024E39F /* Products */;
			projectDirPath = "";
			projectRoot = "";
			targets = (
				4A88C9752D7095390024E39F /* OnboardingAI iOS */,
				4A88C9852D70953B0024E39F /* OnboardingAI iOSTests */,
				4A88C98F2D70953B0024E39F /* OnboardingAI iOSUITests */,
			);
		};
/* End PBXProject section */

/* Begin PBXResourcesBuildPhase section */
		4A88C9742D7095390024E39F /* Resources */ = {
			isa = PBXResourcesBuildPhase;
			buildActionMask = 2147483647;
			files = (
			);
			runOnlyForDeploymentPostprocessing = 0;
		};
		4A88C9842D70953B0024E39F /* Resources */ = {
			isa = PBXResourcesBuildPhase;
			buildActionMask = 2147483647;
			files = (
			);
			runOnlyForDeploymentPostprocessing = 0;
		};
		4A88C98E2D70953B0024E39F /* Resources */ = {
			isa = PBXResourcesBuildPhase;
			buildActionMask = 2147483647;
			files = (
			);
			runOnlyForDeploymentPostprocessing = 0;
		};
/* End PBXResourcesBuildPhase section */

/* Begin PBXSourcesBuildPhase section */
		4A88C9722D7095390024E39F /* Sources */ = {
			isa = PBXSourcesBuildPhase;
			buildActionMask = 2147483647;
			files = (
			);
			runOnlyForDeploymentPostprocessing = 0;
		};
		4A88C9822D70953B0024E39F /* Sources */ = {
			isa = PBXSourcesBuildPhase;
			buildActionMask = 2147483647;
			files = (
			);
			runOnlyForDeploymentPostprocessing = 0;
		};
		4A88C98C2D70953B0024E39F /* Sources */ = {
			isa = PBXSourcesBuildPhase;
			buildActionMask = 2147483647;
			files = (
			);
			runOnlyForDeploymentPostprocessing = 0;
		};
/* End PBXSourcesBuildPhase section */

/* Begin PBXTargetDependency section */
		4A88C9882D70953B0024E39F /* PBXTargetDependency */ = {
			isa = PBXTargetDependency;
			target = 4A88C9752D7095390024E39F /* OnboardingAI iOS */;
			targetProxy = 4A88C9872D70953B0024E39F /* PBXContainerItemProxy */;
		};
		4A88C9922D70953B0024E39F /* PBXTargetDependency */ = {
			isa = PBXTargetDependency;
			target = 4A88C9752D7095390024E39F /* OnboardingAI iOS */;
			targetProxy = 4A88C9912D70953B0024E39F /* PBXContainerItemProxy */;
		};
/* End PBXTargetDependency section */

/* Begin XCBuildConfiguration section */
		4A88C9982D70953B0024E39F /* Debug */ = {
			isa = XCBuildConfiguration;
			buildSettings = {
				ALWAYS_SEARCH_USER_PATHS = NO;
				ASSETCATALOG_COMPILER_GENERATE_SWIFT_ASSET_SYMBOL_EXTENSIONS = YES;
				CLANG_ANALYZER_NONNULL = YES;
				CLANG_ANALYZER_NUMBER_OBJECT_CONVERSION = YES_AGGRESSIVE;
				CLANG_CXX_LANGUAGE_STANDARD = "gnu++20";
				CLANG_ENABLE_MODULES = YES;
				CLANG_ENABLE_OBJC_ARC = YES;
				CLANG_ENABLE_OBJC_WEAK = YES;
				CLANG_WARN_BLOCK_CAPTURE_AUTORELEASING = YES;
				CLANG_WARN_BOOL_CONVERSION = YES;
				CLANG_WARN_COMMA = YES;
				CLANG_WARN_CONSTANT_CONVERSION = YES;
				CLANG_WARN_DEPRECATED_OBJC_IMPLEMENTATIONS = YES;
				CLANG_WARN_DIRECT_OBJC_ISA_USAGE = YES_ERROR;
				CLANG_WARN_DOCUMENTATION_COMMENTS = YES;
				CLANG_WARN_EMPTY_BODY = YES;
				CLANG_WARN_ENUM_CONVERSION = YES;
				CLANG_WARN_INFINITE_RECURSION = YES;
				CLANG_WARN_INT_CONVERSION = YES;
				CLANG_WARN_NON_LITERAL_NULL_CONVERSION = YES;
				CLANG_WARN_OBJC_IMPLICIT_RETAIN_SELF = YES;
				CLANG_WARN_OBJC_LITERAL_CONVERSION = YES;
				CLANG_WARN_OBJC_ROOT_CLASS = YES_ERROR;
				CLANG_WARN_QUOTED_INCLUDE_IN_FRAMEWORK_HEADER = YES;
				CLANG_WARN_RANGE_LOOP_ANALYSIS = YES;
				CLANG_WARN_STRICT_PROTOTYPES = YES;
				CLANG_WARN_SUSPICIOUS_MOVE = YES;
				CLANG_WARN_UNGUARDED_AVAILABILITY = YES_AGGRESSIVE;
				CLANG_WARN_UNREACHABLE_CODE = YES;
				CLANG_WARN__DUPLICATE_METHOD_MATCH = YES;
				COPY_PHASE_STRIP = NO;
				DEBUG_INFORMATION_FORMAT = dwarf;
				ENABLE_STRICT_OBJC_MSGSEND = YES;
				ENABLE_TESTABILITY = YES;
				ENABLE_USER_SCRIPT_SANDBOXING = YES;
				GCC_C_LANGUAGE_STANDARD = gnu17;
				GCC_DYNAMIC_NO_PIC = NO;
				GCC_NO_COMMON_BLOCKS = YES;
				GCC_OPTIMIZATION_LEVEL = 0;
				GCC_PREPROCESSOR_DEFINITIONS = (
					"DEBUG=1",
					"$(inherited)",
				);
				GCC_WARN_64_TO_32_BIT_CONVERSION = YES;
				GCC_WARN_ABOUT_RETURN_TYPE = YES_ERROR;
				GCC_WARN_UNDECLARED_SELECTOR = YES;
				GCC_WARN_UNINITIALIZED_AUTOS = YES_AGGRESSIVE;
				GCC_WARN_UNUSED_FUNCTION = YES;
				GCC_WARN_UNUSED_VARIABLE = YES;
				IPHONEOS_DEPLOYMENT_TARGET = 18.2;
				LOCALIZATION_PREFERS_STRING_CATALOGS = YES;
				MTL_ENABLE_DEBUG_INFO = INCLUDE_SOURCE;
				MTL_FAST_MATH = YES;
				ONLY_ACTIVE_ARCH = YES;
				SDKROOT = iphoneos;
				SWIFT_ACTIVE_COMPILATION_CONDITIONS = "DEBUG $(inherited)";
				SWIFT_OPTIMIZATION_LEVEL = "-Onone";
			};
			name = Debug;
		};
		4A88C9992D70953B0024E39F /* Release */ = {
			isa = XCBuildConfiguration;
			buildSettings = {
				ALWAYS_SEARCH_USER_PATHS = NO;
				ASSETCATALOG_COMPILER_GENERATE_SWIFT_ASSET_SYMBOL_EXTENSIONS = YES;
				CLANG_ANALYZER_NONNULL = YES;
				CLANG_ANALYZER_NUMBER_OBJECT_CONVERSION = YES_AGGRESSIVE;
				CLANG_CXX_LANGUAGE_STANDARD = "gnu++20";
				CLANG_ENABLE_MODULES = YES;
				CLANG_ENABLE_OBJC_ARC = YES;
				CLANG_ENABLE_OBJC_WEAK = YES;
				CLANG_WARN_BLOCK_CAPTURE_AUTORELEASING = YES;
				CLANG_WARN_BOOL_CONVERSION = YES;
				CLANG_WARN_COMMA = YES;
				CLANG_WARN_CONSTANT_CONVERSION = YES;
				CLANG_WARN_DEPRECATED_OBJC_IMPLEMENTATIONS = YES;
				CLANG_WARN_DIRECT_OBJC_ISA_USAGE = YES_ERROR;
				CLANG_WARN_DOCUMENTATION_COMMENTS = YES;
				CLANG_WARN_EMPTY_BODY = YES;
				CLANG_WARN_ENUM_CONVERSION = YES;
				CLANG_WARN_INFINITE_RECURSION = YES;
				CLANG_WARN_INT_CONVERSION = YES;
				CLANG_WARN_NON_LITERAL_NULL_CONVERSION = YES;
				CLANG_WARN_OBJC_IMPLICIT_RETAIN_SELF = YES;
				CLANG_WARN_OBJC_LITERAL_CONVERSION = YES;
				CLANG_WARN_OBJC_ROOT_CLASS = YES_ERROR;
				CLANG_WARN_QUOTED_INCLUDE_IN_FRAMEWORK_HEADER = YES;
				CLANG_WARN_RANGE_LOOP_ANALYSIS = YES;
				CLANG_WARN_STRICT_PROTOTYPES = YES;
				CLANG_WARN_SUSPICIOUS_MOVE = YES;
				CLANG_WARN_UNGUARDED_AVAILABILITY = YES_AGGRESSIVE;
				CLANG_WARN_UNREACHABLE_CODE = YES;
				CLANG_WARN__DUPLICATE_METHOD_MATCH = YES;
				COPY_PHASE_STRIP = NO;
				DEBUG_INFORMATION_FORMAT = "dwarf-with-dsym";
				ENABLE_NS_ASSERTIONS = NO;
				ENABLE_STRICT_OBJC_MSGSEND = YES;
				ENABLE_USER_SCRIPT_SANDBOXING = YES;
				GCC_C_LANGUAGE_STANDARD = gnu17;
				GCC_NO_COMMON_BLOCKS = YES;
				GCC_WARN_64_TO_32_BIT_CONVERSION = YES;
				GCC_WARN_ABOUT_RETURN_TYPE = YES_ERROR;
				GCC_WARN_UNDECLARED_SELECTOR = YES;
				GCC_WARN_UNINITIALIZED_AUTOS = YES_AGGRESSIVE;
				GCC_WARN_UNUSED_FUNCTION = YES;
				GCC_WARN_UNUSED_VARIABLE = YES;
				IPHONEOS_DEPLOYMENT_TARGET = 18.2;
				LOCALIZATION_PREFERS_STRING_CATALOGS = YES;
				MTL_ENABLE_DEBUG_INFO = NO;
				MTL_FAST_MATH = YES;
				SDKROOT = iphoneos;
				SWIFT_COMPILATION_MODE = wholemodule;
				VALIDATE_PRODUCT = YES;
			};
			name = Release;
		};
		4A88C99B2D70953B0024E39F /* Debug */ = {
			isa = XCBuildConfiguration;
			buildSettings = {
				ASSETCATALOG_COMPILER_APPICON_NAME = AppIcon;
				ASSETCATALOG_COMPILER_GLOBAL_ACCENT_COLOR_NAME = AccentColor;
				CODE_SIGN_STYLE = Automatic;
				CURRENT_PROJECT_VERSION = 1;
				DEVELOPMENT_ASSET_PATHS = "\"OnboardingAI iOS/Preview Content\"";
				DEVELOPMENT_TEAM = N8WS47JT97;
				ENABLE_PREVIEWS = YES;
				GENERATE_INFOPLIST_FILE = YES;
				INFOPLIST_KEY_UIApplicationSceneManifest_Generation = YES;
				INFOPLIST_KEY_UIApplicationSupportsIndirectInputEvents = YES;
				INFOPLIST_KEY_UILaunchScreen_Generation = YES;
				INFOPLIST_KEY_UISupportedInterfaceOrientations_iPad = "UIInterfaceOrientationPortrait UIInterfaceOrientationPortraitUpsideDown UIInterfaceOrientationLandscapeLeft UIInterfaceOrientationLandscapeRight";
				INFOPLIST_KEY_UISupportedInterfaceOrientations_iPhone = "UIInterfaceOrientationPortrait UIInterfaceOrientationLandscapeLeft UIInterfaceOrientationLandscapeRight";
				LD_RUNPATH_SEARCH_PATHS = (
					"$(inherited)",
					"@executable_path/Frameworks",
				);
				MARKETING_VERSION = 1.0;
				PRODUCT_BUNDLE_IDENTIFIER = "dev.nrsys.OnboardingAI-iOS";
				PRODUCT_NAME = "$(TARGET_NAME)";
				SWIFT_EMIT_LOC_STRINGS = YES;
				SWIFT_VERSION = 6.0;
				TARGETED_DEVICE_FAMILY = "1,2";
			};
			name = Debug;
		};
		4A88C99C2D70953B0024E39F /* Release */ = {
			isa = XCBuildConfiguration;
			buildSettings = {
				ASSETCATALOG_COMPILER_APPICON_NAME = AppIcon;
				ASSETCATALOG_COMPILER_GLOBAL_ACCENT_COLOR_NAME = AccentColor;
				CODE_SIGN_STYLE = Automatic;
				CURRENT_PROJECT_VERSION = 1;
				DEVELOPMENT_ASSET_PATHS = "\"OnboardingAI iOS/Preview Content\"";
				DEVELOPMENT_TEAM = N8WS47JT97;
				ENABLE_PREVIEWS = YES;
				GENERATE_INFOPLIST_FILE = YES;
				INFOPLIST_KEY_UIApplicationSceneManifest_Generation = YES;
				INFOPLIST_KEY_UIApplicationSupportsIndirectInputEvents = YES;
				INFOPLIST_KEY_UILaunchScreen_Generation = YES;
				INFOPLIST_KEY_UISupportedInterfaceOrientations_iPad = "UIInterfaceOrientationPortrait UIInterfaceOrientationPortraitUpsideDown UIInterfaceOrientationLandscapeLeft UIInterfaceOrientationLandscapeRight";
				INFOPLIST_KEY_UISupportedInterfaceOrientations_iPhone = "UIInterfaceOrientationPortrait UIInterfaceOrientationLandscapeLeft UIInterfaceOrientationLandscapeRight";
				LD_RUNPATH_SEARCH_PATHS = (
					"$(inherited)",
					"@executable_path/Frameworks",
				);
				MARKETING_VERSION = 1.0;
				PRODUCT_BUNDLE_IDENTIFIER = "dev.nrsys.OnboardingAI-iOS";
				PRODUCT_NAME = "$(TARGET_NAME)";
				SWIFT_EMIT_LOC_STRINGS = YES;
				SWIFT_VERSION = 6.0;
				TARGETED_DEVICE_FAMILY = "1,2";
			};
			name = Release;
		};
		4A88C99E2D70953B0024E39F /* Debug */ = {
			isa = XCBuildConfiguration;
			buildSettings = {
				BUNDLE_LOADER = "$(TEST_HOST)";
				CODE_SIGN_STYLE = Automatic;
				CURRENT_PROJECT_VERSION = 1;
				DEVELOPMENT_TEAM = N8WS47JT97;
				GENERATE_INFOPLIST_FILE = YES;
				IPHONEOS_DEPLOYMENT_TARGET = 18.2;
				MARKETING_VERSION = 1.0;
				PRODUCT_BUNDLE_IDENTIFIER = "dev.nrsys.OnboardingAI-iOSTests";
				PRODUCT_NAME = "$(TARGET_NAME)";
				SWIFT_EMIT_LOC_STRINGS = NO;
				SWIFT_VERSION = 5.0;
				TARGETED_DEVICE_FAMILY = "1,2";
				TEST_HOST = "$(BUILT_PRODUCTS_DIR)/OnboardingAI iOS.app/$(BUNDLE_EXECUTABLE_FOLDER_PATH)/OnboardingAI iOS";
			};
			name = Debug;
		};
		4A88C99F2D70953B0024E39F /* Release */ = {
			isa = XCBuildConfiguration;
			buildSettings = {
				BUNDLE_LOADER = "$(TEST_HOST)";
				CODE_SIGN_STYLE = Automatic;
				CURRENT_PROJECT_VERSION = 1;
				DEVELOPMENT_TEAM = N8WS47JT97;
				GENERATE_INFOPLIST_FILE = YES;
				IPHONEOS_DEPLOYMENT_TARGET = 18.2;
				MARKETING_VERSION = 1.0;
				PRODUCT_BUNDLE_IDENTIFIER = "dev.nrsys.OnboardingAI-iOSTests";
				PRODUCT_NAME = "$(TARGET_NAME)";
				SWIFT_EMIT_LOC_STRINGS = NO;
				SWIFT_VERSION = 5.0;
				TARGETED_DEVICE_FAMILY = "1,2";
				TEST_HOST = "$(BUILT_PRODUCTS_DIR)/OnboardingAI iOS.app/$(BUNDLE_EXECUTABLE_FOLDER_PATH)/OnboardingAI iOS";
			};
			name = Release;
		};
		4A88C9A12D70953B0024E39F /* Debug */ = {
			isa = XCBuildConfiguration;
			buildSettings = {
				CODE_SIGN_STYLE = Automatic;
				CURRENT_PROJECT_VERSION = 1;
				DEVELOPMENT_TEAM = N8WS47JT97;
				GENERATE_INFOPLIST_FILE = YES;
				MARKETING_VERSION = 1.0;
				PRODUCT_BUNDLE_IDENTIFIER = "dev.nrsys.OnboardingAI-iOSUITests";
				PRODUCT_NAME = "$(TARGET_NAME)";
				SWIFT_EMIT_LOC_STRINGS = NO;
				SWIFT_VERSION = 5.0;
				TARGETED_DEVICE_FAMILY = "1,2";
				TEST_TARGET_NAME = "OnboardingAI iOS";
			};
			name = Debug;
		};
		4A88C9A22D70953B0024E39F /* Release */ = {
			isa = XCBuildConfiguration;
			buildSettings = {
				CODE_SIGN_STYLE = Automatic;
				CURRENT_PROJECT_VERSION = 1;
				DEVELOPMENT_TEAM = N8WS47JT97;
				GENERATE_INFOPLIST_FILE = YES;
				MARKETING_VERSION = 1.0;
				PRODUCT_BUNDLE_IDENTIFIER = "dev.nrsys.OnboardingAI-iOSUITests";
				PRODUCT_NAME = "$(TARGET_NAME)";
				SWIFT_EMIT_LOC_STRINGS = NO;
				SWIFT_VERSION = 5.0;
				TARGETED_DEVICE_FAMILY = "1,2";
				TEST_TARGET_NAME = "OnboardingAI iOS";
			};
			name = Release;
		};
/* End XCBuildConfiguration section */

/* Begin XCConfigurationList section */
		4A88C9712D7095390024E39F /* Build configuration list for PBXProject "OnboardingAI iOS" */ = {
			isa = XCConfigurationList;
			buildConfigurations = (
				4A88C9982D70953B0024E39F /* Debug */,
				4A88C9992D70953B0024E39F /* Release */,
			);
			defaultConfigurationIsVisible = 0;
			defaultConfigurationName = Release;
		};
		4A88C99A2D70953B0024E39F /* Build configuration list for PBXNativeTarget "OnboardingAI iOS" */ = {
			isa = XCConfigurationList;
			buildConfigurations = (
				4A88C99B2D70953B0024E39F /* Debug */,
				4A88C99C2D70953B0024E39F /* Release */,
			);
			defaultConfigurationIsVisible = 0;
			defaultConfigurationName = Release;
		};
		4A88C99D2D70953B0024E39F /* Build configuration list for PBXNativeTarget "OnboardingAI iOSTests" */ = {
			isa = XCConfigurationList;
			buildConfigurations = (
				4A88C99E2D70953B0024E39F /* Debug */,
				4A88C99F2D70953B0024E39F /* Release */,
			);
			defaultConfigurationIsVisible = 0;
			defaultConfigurationName = Release;
		};
		4A88C9A02D70953B0024E39F /* Build configuration list for PBXNativeTarget "OnboardingAI iOSUITests" */ = {
			isa = XCConfigurationList;
			buildConfigurations = (
				4A88C9A12D70953B0024E39F /* Debug */,
				4A88C9A22D70953B0024E39F /* Release */,
			);
			defaultConfigurationIsVisible = 0;
			defaultConfigurationName = Release;
		};
/* End XCConfigurationList section */

/* Begin XCRemoteSwiftPackageReference section */
		4AEE93EB2D72BBDF00E8581F /* XCRemoteSwiftPackageReference "lottie-spm" */ = {
			isa = XCRemoteSwiftPackageReference;
			repositoryURL = "https://github.com/airbnb/lottie-spm.git";
			requirement = {
				kind = upToNextMajorVersion;
				minimumVersion = 4.5.1;
			};
		};
/* End XCRemoteSwiftPackageReference section */

/* Begin XCSwiftPackageProductDependency section */
		4AEE93EC2D72BBDF00E8581F /* Lottie */ = {
			isa = XCSwiftPackageProductDependency;
			package = 4AEE93EB2D72BBDF00E8581F /* XCRemoteSwiftPackageReference "lottie-spm" */;
			productName = Lottie;
		};
/* End XCSwiftPackageProductDependency section */
	};
	rootObject = 4A88C96E2D7095390024E39F /* Project object */;
}
